
Microsoft Visual Studio Solution File, Format Version 12.00
# Visual Studio 15
VisualStudioVersion = 15.0.26730.16
MinimumVisualStudioVersion = 10.0.40219.1
Project("{FAE04EC0-301F-11D3-BF4B-00C04F79EFBC}") = "DrawingProgram", "DrawingProgram\DrawingProgram.csproj", "{57A26426-21FF-4552-9B90-0F4F58A90F87}"
EndProject
Global
	GlobalSection(SolutionConfigurationPlatforms) = preSolution
		Debug|Any CPU = Debug|Any CPU
		Release|Any CPU = Release|Any CPU
	EndGlobalSection
	GlobalSection(ProjectConfigurationPlatforms) = postSolution
		{57A26426-21FF-4552-9B90-0F4F58A90F87}.Debug|Any CPU.ActiveCfg = Debug|Any CPU
		{57A26426-21FF-4552-9B90-0F4F58A90F87}.Debug|Any CPU.Build.0 = Debug|Any CPU
		{57A26426-21FF-4552-9B90-0F4F58A90F87}.Release|Any CPU.ActiveCfg = Release|Any CPU
		{57A26426-21FF-4552-9B90-0F4F58A90F87}.Release|Any CPU.Build.0 = Release|Any CPU
	EndGlobalSection
	GlobalSection(SolutionProperties) = preSolution
		HideSolutionNode = FALSE
	EndGlobalSection
	GlobalSection(ExtensibilityGlobals) = postSolution
		SolutionGuid = {E3AC2684-AD3D-4329-96FD-C53BA41A2FCE}
	EndGlobalSection
EndGlobal
